
Microsoft Visual Studio Solution File, Format Version 12.00
# Visual Studio Version 17
VisualStudioVersion = 17.14.36915.13 d17.14
MinimumVisualStudioVersion = 10.0.40219.1
Project("{FAE04EC0-301F-11D3-BF4B-00C04F79EFBC}") = "TalklyChatbot_POE-PART1", "TalklyChatbot_POE-PART1.csproj", "{E8F3CFA4-B1F5-4A1E-87AF-C0F599A72717}"
EndProject
Global
	GlobalSection(SolutionConfigurationPlatforms) = preSolution
		Debug|Any CPU = Debug|Any CPU
		Release|Any CPU = Release|Any CPU
	EndGlobalSection
	GlobalSection(ProjectConfigurationPlatforms) = postSolution
		{E8F3CFA4-B1F5-4A1E-87AF-C0F599A72717}.Debug|Any CPU.ActiveCfg = Debug|Any CPU
		{E8F3CFA4-B1F5-4A1E-87AF-C0F599A72717}.Debug|Any CPU.Build.0 = Debug|Any CPU
		{E8F3CFA4-B1F5-4A1E-87AF-C0F599A72717}.Release|Any CPU.ActiveCfg = Release|Any CPU
		{E8F3CFA4-B1F5-4A1E-87AF-C0F599A72717}.Release|Any CPU.Build.0 = Release|Any CPU
	EndGlobalSection
	GlobalSection(SolutionProperties) = preSolution
		HideSolutionNode = FALSE
	EndGlobalSection
	GlobalSection(ExtensibilityGlobals) = postSolution
		SolutionGuid = {5A3D7805-A54D-4646-8B6A-0DCECBC3DD3F}
	EndGlobalSection
EndGlobal
